// !$*UTF8*$!
{
	archiveVersion = 1;
	classes = {
	};
	objectVersion = 50;
	objects = {

/* Begin PBXBuildFile section */
		DC2C1E1D247D1C4200350490 /* AppDelegate.swift in Sources */ = {isa = PBXBuildFile; fileRef = DC2C1E1C247D1C4200350490 /* AppDelegate.swift */; };
		DC2C1E1F247D1C4200350490 /* SceneDelegate.swift in Sources */ = {isa = PBXBuildFile; fileRef = DC2C1E1E247D1C4200350490 /* SceneDelegate.swift */; };
		DC2C1E22247D1C4200350490 /* CoreData_SwiftUI.xcdatamodeld in Sources */ = {isa = PBXBuildFile; fileRef = DC2C1E20247D1C4200350490 /* CoreData_SwiftUI.xcdatamodeld */; };
		DC2C1E24247D1C4200350490 /* ContentView.swift in Sources */ = {isa = PBXBuildFile; fileRef = DC2C1E23247D1C4200350490 /* ContentView.swift */; };
		DC2C1E26247D1C4400350490 /* Assets.xcassets in Resources */ = {isa = PBXBuildFile; fileRef = DC2C1E25247D1C4400350490 /* Assets.xcassets */; };
		DC2C1E29247D1C4400350490 /* Preview Assets.xcassets in Resources */ = {isa = PBXBuildFile; fileRef = DC2C1E28247D1C4400350490 /* Preview Assets.xcassets */; };
		DC2C1E2C247D1C4400350490 /* LaunchScreen.storyboard in Resources */ = {isa = PBXBuildFile; fileRef = DC2C1E2A247D1C4400350490 /* LaunchScreen.storyboard */; };
/* End PBXBuildFile section */

/* Begin PBXFileReference section */
		DC2C1E19247D1C4200350490 /* CoreData+SwiftUI.app */ = {isa = PBXFileReference; explicitFileType = wrapper.application; includeInIndex = 0; path = "CoreData+SwiftUI.app"; sourceTree = BUILT_PRODUCTS_DIR; };
		DC2C1E1C247D1C4200350490 /* AppDelegate.swift */ = {isa = PBXFileReference; lastKnownFileType = sourcecode.swift; path = AppDelegate.swift; sourceTree = "<group>"; };
		DC2C1E1E247D1C4200350490 /* SceneDelegate.swift */ = {isa = PBXFileReference; lastKnownFileType = sourcecode.swift; path = SceneDelegate.swift; sourceTree = "<group>"; };
		DC2C1E21247D1C4200350490 /* CoreData_SwiftUI.xcdatamodel */ = {isa = PBXFileReference; lastKnownFileType = wrapper.xcdatamodel; path = CoreData_SwiftUI.xcdatamodel; sourceTree = "<group>"; };
		DC2C1E23247D1C4200350490 /* ContentView.swift */ = {isa = PBXFileReference; lastKnownFileType = sourcecode.swift; path = ContentView.swift; sourceTree = "<group>"; };
		DC2C1E25247D1C4400350490 /* Assets.xcassets */ = {isa = PBXFileReference; lastKnownFileType = folder.assetcatalog; path = Assets.xcassets; sourceTree = "<group>"; };
		DC2C1E28247D1C4400350490 /* Preview Assets.xcassets */ = {isa = PBXFileReference; lastKnownFileType = folder.assetcatalog; path = "Preview Assets.xcassets"; sourceTree = "<group>"; };
		DC2C1E2B247D1C4400350490 /* Base */ = {isa = PBXFileReference; lastKnownFileType = file.storyboard; name = Base; path = Base.lproj/LaunchScreen.storyboard; sourceTree = "<group>"; };
		DC2C1E2D247D1C4400350490 /* Info.plist */ = {isa = PBXFileReference; lastKnownFileType = text.plist.xml; path = Info.plist; sourceTree = "<group>"; };
/* End PBXFileReference section */

/* Begin PBXFrameworksBuildPhase section */
		DC2C1E16247D1C4200350490 /* Frameworks */ = {
			isa = PBXFrameworksBuildPhase;
			buildActionMask = 2147483647;
			files = (
			);
			runOnlyForDeploymentPostprocessing = 0;
		};
/* End PBXFrameworksBuildPhase section */

/* Begin PBXGroup section */
		DC2C1E10247D1C4200350490 = {
			isa = PBXGroup;
			children = (
				DC2C1E1B247D1C4200350490 /* CoreData+SwiftUI */,
				DC2C1E1A247D1C4200350490 /* Products */,
			);
			sourceTree = "<group>";
		};
		DC2C1E1A247D1C4200350490 /* Products */ = {
			isa = PBXGroup;
			children = (
				DC2C1E19247D1C4200350490 /* CoreData+SwiftUI.app */,
			);
			name = Products;
			sourceTree = "<group>";
		};
		DC2C1E1B247D1C4200350490 /* CoreData+SwiftUI */ = {
			isa = PBXGroup;
			children = (
				DC2C1E1C247D1C4200350490 /* AppDelegate.swift */,
				DC2C1E1E247D1C4200350490 /* SceneDelegate.swift */,
				DC2C1E23247D1C4200350490 /* ContentView.swift */,
				DC2C1E25247D1C4400350490 /* Assets.xcassets */,
				DC2C1E2A247D1C4400350490 /* LaunchScreen.storyboard */,
				DC2C1E2D247D1C4400350490 /* Info.plist */,
				DC2C1E20247D1C4200350490 /* CoreData_SwiftUI.xcdatamodeld */,
				DC2C1E27247D1C4400350490 /* Preview Content */,
			);
			path = "CoreData+SwiftUI";
			sourceTree = "<group>";
		};
		DC2C1E27247D1C4400350490 /* Preview Content */ = {
			isa = PBXGroup;
			children = (
				DC2C1E28247D1C4400350490 /* Preview Assets.xcassets */,
			);
			path = "Preview Content";
			sourceTree = "<group>";
		};
/* End PBXGroup section */

/* Begin PBXNativeTarget section */
		DC2C1E18247D1C4200350490 /* CoreData+SwiftUI */ = {
			isa = PBXNativeTarget;
			buildConfigurationList = DC2C1E30247D1C4400350490 /* Build configuration list for PBXNativeTarget "CoreData+SwiftUI" */;
			buildPhases = (
				DC2C1E15247D1C4200350490 /* Sources */,
				DC2C1E16247D1C4200350490 /* Frameworks */,
				DC2C1E17247D1C4200350490 /* Resources */,
			);
			buildRules = (
			);
			dependencies = (
			);
			name = "CoreData+SwiftUI";
			productName = "CoreData+SwiftUI";
			productReference = DC2C1E19247D1C4200350490 /* CoreData+SwiftUI.app */;
			productType = "com.apple.product-type.application";
		};
/* End PBXNativeTarget section */

/* Begin PBXProject section */
		DC2C1E11247D1C4200350490 /* Project object */ = {
			isa = PBXProject;
			attributes = {
				LastSwiftUpdateCheck = 1150;
				LastUpgradeCheck = 1150;
				ORGANIZATIONNAME = "Quonsepto Limited";
				TargetAttributes = {
					DC2C1E18247D1C4200350490 = {
						CreatedOnToolsVersion = 11.5;
					};
				};
			};
			buildConfigurationList = DC2C1E14247D1C4200350490 /* Build configuration list for PBXProject "CoreData+SwiftUI" */;
			compatibilityVersion = "Xcode 9.3";
			developmentRegion = en;
			hasScannedForEncodings = 0;
			knownRegions = (
				en,
				Base,
			);
			mainGroup = DC2C1E10247D1C4200350490;
			productRefGroup = DC2C1E1A247D1C4200350490 /* Products */;
			projectDirPath = "";
			projectRoot = "";
			targets = (
				DC2C1E18247D1C4200350490 /* CoreData+SwiftUI */,
			);
		};
/* End PBXProject section */

/* Begin PBXResourcesBuildPhase section */
		DC2C1E17247D1C4200350490 /* Resources */ = {
			isa = PBXResourcesBuildPhase;
			buildActionMask = 2147483647;
			files = (
				DC2C1E2C247D1C4400350490 /* LaunchScreen.storyboard in Resources */,
				DC2C1E29247D1C4400350490 /* Preview Assets.xcassets in Resources */,
				DC2C1E26247D1C4400350490 /* Assets.xcassets in Resources */,
			);
			runOnlyForDeploymentPostprocessing = 0;
		};
/* End PBXResourcesBuildPhase section */

/* Begin PBXSourcesBuildPhase section */
		DC2C1E15247D1C4200350490 /* Sources */ = {
			isa = PBXSourcesBuildPhase;
			buildActionMask = 2147483647;
			files = (
				DC2C1E22247D1C4200350490 /* CoreData_SwiftUI.xcdatamodeld in Sources */,
				DC2C1E1D247D1C4200350490 /* AppDelegate.swift in Sources */,
				DC2C1E24247D1C4200350490 /* ContentView.swift in Sources */,
				DC2C1E1F247D1C4200350490 /* SceneDelegate.swift in Sources */,
			);
			runOnlyForDeploymentPostprocessing = 0;
		};
/* End PBXSourcesBuildPhase section */

/* Begin PBXVariantGroup section */
		DC2C1E2A247D1C4400350490 /* LaunchScreen.storyboard */ = {
			isa = PBXVariantGroup;
			children = (
				DC2C1E2B247D1C4400350490 /* Base */,
			);
			name = LaunchScreen.storyboard;
			sourceTree = "<group>";
		};
/* End PBXVariantGroup section */

/* Begin XCBuildConfiguration section */
		DC2C1E2E247D1C4400350490 /* Debug */ = {
			isa = XCBuildConfiguration;
			buildSettings = {
				ALWAYS_SEARCH_USER_PATHS = NO;
				CLANG_ANALYZER_NONNULL = YES;
				CLANG_ANALYZER_NUMBER_OBJECT_CONVERSION = YES_AGGRESSIVE;
				CLANG_CXX_LANGUAGE_STANDARD = "gnu++14";
				CLANG_CXX_LIBRARY = "libc++";
				CLANG_ENABLE_MODULES = YES;
				CLANG_ENABLE_OBJC_ARC = YES;
				CLANG_ENABLE_OBJC_WEAK = YES;
				CLANG_WARN_BLOCK_CAPTURE_AUTORELEASING = YES;
				CLANG_WARN_BOOL_CONVERSION = YES;
				CLANG_WARN_COMMA = YES;
				CLANG_WARN_CONSTANT_CONVERSION = YES;
				CLANG_WARN_DEPRECATED_OBJC_IMPLEMENTATIONS = YES;
				CLANG_WARN_DIRECT_OBJC_ISA_USAGE = YES_ERROR;
				CLANG_WARN_DOCUMENTATION_COMMENTS = YES;
				CLANG_WARN_EMPTY_BODY = YES;
				CLANG_WARN_ENUM_CONVERSION = YES;
				CLANG_WARN_INFINITE_RECURSION = YES;
				CLANG_WARN_INT_CONVERSION = YES;
				CLANG_WARN_NON_LITERAL_NULL_CONVERSION = YES;
				CLANG_WARN_OBJC_IMPLICIT_RETAIN_SELF = YES;
				CLANG_WARN_OBJC_LITERAL_CONVERSION = YES;
				CLANG_WARN_OBJC_ROOT_CLASS = YES_ERROR;
				CLANG_WARN_RANGE_LOOP_ANALYSIS = YES;
				CLANG_WARN_STRICT_PROTOTYPES = YES;
				CLANG_WARN_SUSPICIOUS_MOVE = YES;
				CLANG_WARN_UNGUARDED_AVAILABILITY = YES_AGGRESSIVE;
				CLANG_WARN_UNREACHABLE_CODE = YES;
				CLANG_WARN__DUPLICATE_METHOD_MATCH = YES;
				COPY_PHASE_STRIP = NO;
				DEBUG_INFORMATION_FORMAT = dwarf;
				ENABLE_STRICT_OBJC_MSGSEND = YES;
				ENABLE_TESTABILITY = YES;
				GCC_C_LANGUAGE_STANDARD = gnu11;
				GCC_DYNAMIC_NO_PIC = NO;
				GCC_NO_COMMON_BLOCKS = YES;
				GCC_OPTIMIZATION_LEVEL = 0;
				GCC_PREPROCESSOR_DEFINITIONS = (
					"DEBUG=1",
					"$(inherited)",
				);
				GCC_WARN_64_TO_32_BIT_CONVERSION = YES;
				GCC_WARN_ABOUT_RETURN_TYPE = YES_ERROR;
				GCC_WARN_UNDECLARED_SELECTOR = YES;
				GCC_WARN_UNINITIALIZED_AUTOS = YES_AGGRESSIVE;
				GCC_WARN_UNUSED_FUNCTION = YES;
				GCC_WARN_UNUSED_VARIABLE = YES;
				IPHONEOS_DEPLOYMENT_TARGET = 13.5;
				MTL_ENABLE_DEBUG_INFO = INCLUDE_SOURCE;
				MTL_FAST_MATH = YES;
				ONLY_ACTIVE_ARCH = YES;
				SDKROOT = iphoneos;
				SWIFT_ACTIVE_COMPILATION_CONDITIONS = DEBUG;
				SWIFT_OPTIMIZATION_LEVEL = "-Onone";
			};
			name = Debug;
		};
		DC2C1E2F247D1C4400350490 /* Release */ = {
			isa = XCBuildConfiguration;
			buildSettings = {
				ALWAYS_SEARCH_USER_PATHS = NO;
				CLANG_ANALYZER_NONNULL = YES;
				CLANG_ANALYZER_NUMBER_OBJECT_CONVERSION = YES_AGGRESSIVE;
				CLANG_CXX_LANGUAGE_STANDARD = "gnu++14";
				CLANG_CXX_LIBRARY = "libc++";
				CLANG_ENABLE_MODULES = YES;
				CLANG_ENABLE_OBJC_ARC = YES;
				CLANG_ENABLE_OBJC_WEAK = YES;
				CLANG_WARN_BLOCK_CAPTURE_AUTORELEASING = YES;
				CLANG_WARN_BOOL_CONVERSION = YES;
				CLANG_WARN_COMMA = YES;
				CLANG_WARN_CONSTANT_CONVERSION = YES;
				CLANG_WARN_DEPRECATED_OBJC_IMPLEMENTATIONS = YES;
				CLANG_WARN_DIRECT_OBJC_ISA_USAGE = YES_ERROR;
				CLANG_WARN_DOCUMENTATION_COMMENTS = YES;
				CLANG_WARN_EMPTY_BODY = YES;
				CLANG_WARN_ENUM_CONVERSION = YES;
				CLANG_WARN_INFINITE_RECURSION = YES;
				CLANG_WARN_INT_CONVERSION = YES;
				CLANG_WARN_NON_LITERAL_NULL_CONVERSION = YES;
				CLANG_WARN_OBJC_IMPLICIT_RETAIN_SELF = YES;
				CLANG_WARN_OBJC_LITERAL_CONVERSION = YES;
				CLANG_WARN_OBJC_ROOT_CLASS = YES_ERROR;
				CLANG_WARN_RANGE_LOOP_ANALYSIS = YES;
				CLANG_WARN_STRICT_PROTOTYPES = YES;
				CLANG_WARN_SUSPICIOUS_MOVE = YES;
				CLANG_WARN_UNGUARDED_AVAILABILITY = YES_AGGRESSIVE;
				CLANG_WARN_UNREACHABLE_CODE = YES;
				CLANG_WARN__DUPLICATE_METHOD_MATCH = YES;
				COPY_PHASE_STRIP = NO;
				DEBUG_INFORMATION_FORMAT = "dwarf-with-dsym";
				ENABLE_NS_ASSERTIONS = NO;
				ENABLE_STRICT_OBJC_MSGSEND = YES;
				GCC_C_LANGUAGE_STANDARD = gnu11;
				GCC_NO_COMMON_BLOCKS = YES;
				GCC_WARN_64_TO_32_BIT_CONVERSION = YES;
				GCC_WARN_ABOUT_RETURN_TYPE = YES_ERROR;
				GCC_WARN_UNDECLARED_SELECTOR = YES;
				GCC_WARN_UNINITIALIZED_AUTOS = YES_AGGRESSIVE;
				GCC_WARN_UNUSED_FUNCTION = YES;
				GCC_WARN_UNUSED_VARIABLE = YES;
				IPHONEOS_DEPLOYMENT_TARGET = 13.5;
				MTL_ENABLE_DEBUG_INFO = NO;
				MTL_FAST_MATH = YES;
				SDKROOT = iphoneos;
				SWIFT_COMPILATION_MODE = wholemodule;
				SWIFT_OPTIMIZATION_LEVEL = "-O";
				VALIDATE_PRODUCT = YES;
			};
			name = Release;
		};
		DC2C1E31247D1C4400350490 /* Debug */ = {
			isa = XCBuildConfiguration;
			buildSettings = {
				ASSETCATALOG_COMPILER_APPICON_NAME = AppIcon;
				CODE_SIGN_STYLE = Automatic;
				DEVELOPMENT_ASSET_PATHS = "\"CoreData+SwiftUI/Preview Content\"";
				DEVELOPMENT_TEAM = UAF5HBHXWW;
				ENABLE_PREVIEWS = YES;
				INFOPLIST_FILE = "CoreData+SwiftUI/Info.plist";
				LD_RUNPATH_SEARCH_PATHS = (
					"$(inherited)",
					"@executable_path/Frameworks",
				);
				PRODUCT_BUNDLE_IDENTIFIER = "com.quonsepto.CoreData-SwiftUI";
				PRODUCT_NAME = "$(TARGET_NAME)";
				SWIFT_VERSION = 5.0;
				TARGETED_DEVICE_FAMILY = "1,2";
			};
			name = Debug;
		};
		DC2C1E32247D1C4400350490 /* Release */ = {
			isa = XCBuildConfiguration;
			buildSettings = {
				ASSETCATALOG_COMPILER_APPICON_NAME = AppIcon;
				CODE_SIGN_STYLE = Automatic;
				DEVELOPMENT_ASSET_PATHS = "\"CoreData+SwiftUI/Preview Content\"";
				DEVELOPMENT_TEAM = UAF5HBHXWW;
				ENABLE_PREVIEWS = YES;
				INFOPLIST_FILE = "CoreData+SwiftUI/Info.plist";
				LD_RUNPATH_SEARCH_PATHS = (
					"$(inherited)",
					"@executable_path/Frameworks",
				);
				PRODUCT_BUNDLE_IDENTIFIER = "com.quonsepto.CoreData-SwiftUI";
				PRODUCT_NAME = "$(TARGET_NAME)";
				SWIFT_VERSION = 5.0;
				TARGETED_DEVICE_FAMILY = "1,2";
			};
			name = Release;
		};
/* End XCBuildConfiguration section */

/* Begin XCConfigurationList section */
		DC2C1E14247D1C4200350490 /* Build configuration list for PBXProject "CoreData+SwiftUI" */ = {
			isa = XCConfigurationList;
			buildConfigurations = (
				DC2C1E2E247D1C4400350490 /* Debug */,
				DC2C1E2F247D1C4400350490 /* Release */,
			);
			defaultConfigurationIsVisible = 0;
			defaultConfigurationName = Release;
		};
		DC2C1E30247D1C4400350490 /* Build configuration list for PBXNativeTarget "CoreData+SwiftUI" */ = {
			isa = XCConfigurationList;
			buildConfigurations = (
				DC2C1E31247D1C4400350490 /* Debug */,
				DC2C1E32247D1C4400350490 /* Release */,
			);
			defaultConfigurationIsVisible = 0;
			defaultConfigurationName = Release;
		};
/* End XCConfigurationList section */

/* Begin XCVersionGroup section */
		DC2C1E20247D1C4200350490 /* CoreData_SwiftUI.xcdatamodeld */ = {
			isa = XCVersionGroup;
			children = (
				DC2C1E21247D1C4200350490 /* CoreData_SwiftUI.xcdatamodel */,
			);
			currentVersion = DC2C1E21247D1C4200350490 /* CoreData_SwiftUI.xcdatamodel */;
			path = CoreData_SwiftUI.xcdatamodeld;
			sourceTree = "<group>";
			versionGroupType = wrapper.xcdatamodel;
		};
/* End XCVersionGroup section */
	};
	rootObject = DC2C1E11247D1C4200350490 /* Project object */;
}
